
Microsoft Visual Studio Solution File, Format Version 12.00
# Visual Studio Version 16
VisualStudioVersion = 16.0.30523.141
MinimumVisualStudioVersion = 10.0.40219.1
Project("{FAE04EC0-301F-11D3-BF4B-00C04F79EFBC}") = "BestiesCosmetics", "ChinhSachThanhToan\BestiesCosmetics.csproj", "{275CEBAE-8ACC-4ABE-84E0-0789201C88DD}"
EndProject
Global
	GlobalSection(SolutionConfigurationPlatforms) = preSolution
		Debug|Any CPU = Debug|Any CPU
		Release|Any CPU = Release|Any CPU
	EndGlobalSection
	GlobalSection(ProjectConfigurationPlatforms) = postSolution
		{275CEBAE-8ACC-4ABE-84E0-0789201C88DD}.Debug|Any CPU.ActiveCfg = Debug|Any CPU
		{275CEBAE-8ACC-4ABE-84E0-0789201C88DD}.Debug|Any CPU.Build.0 = Debug|Any CPU
		{275CEBAE-8ACC-4ABE-84E0-0789201C88DD}.Release|Any CPU.ActiveCfg = Release|Any CPU
		{275CEBAE-8ACC-4ABE-84E0-0789201C88DD}.Release|Any CPU.Build.0 = Release|Any CPU
	EndGlobalSection
	GlobalSection(SolutionProperties) = preSolution
		HideSolutionNode = FALSE
	EndGlobalSection
	GlobalSection(ExtensibilityGlobals) = postSolution
		SolutionGuid = {0A312331-FD39-4F28-A69A-AA63DCEAD2CD}
	EndGlobalSection
EndGlobal
